
Microsoft Visual Studio Solution File, Format Version 12.00
Project("{FAE04EC0-301F-11D3-BF4B-00C04F79EFBC}") = "CSharpFinalApp", "CSharpFinalApp\CSharpFinalApp.csproj", "{2CDD9BD8-7F35-4722-96F1-A8AA0DEB0657}"
EndProject
Project("{FAE04EC0-301F-11D3-BF4B-00C04F79EFBC}") = "CSharpFinalCore", "CSharpFinalCore\CSharpFinalCore.csproj", "{7A12A0F0-F45F-4F43-ACFD-5BAC69D649EE}"
EndProject
Project("{FAE04EC0-301F-11D3-BF4B-00C04F79EFBC}") = "CSharpFinalData", "CSharpFinalData\CSharpFinalData.csproj", "{41C01137-AB40-4E22-BCEF-3A99DD6B9871}"
EndProject
Project("{FAE04EC0-301F-11D3-BF4B-00C04F79EFBC}") = "UnitTests", "UnitTests\UnitTests.csproj", "{14A251E6-5C98-4B0C-AA0A-858C6EEAF82F}"
EndProject
Project("{2150E333-8FDC-42A3-9474-1A3956D46DE8}") = ".env", ".env", "{D64EDA0D-38EE-4734-B06C-933AB41CB288}"
EndProject
Global
	GlobalSection(SolutionConfigurationPlatforms) = preSolution
		Debug|Any CPU = Debug|Any CPU
		Release|Any CPU = Release|Any CPU
	EndGlobalSection
	GlobalSection(ProjectConfigurationPlatforms) = postSolution
		{2CDD9BD8-7F35-4722-96F1-A8AA0DEB0657}.Debug|Any CPU.ActiveCfg = Debug|Any CPU
		{2CDD9BD8-7F35-4722-96F1-A8AA0DEB0657}.Debug|Any CPU.Build.0 = Debug|Any CPU
		{2CDD9BD8-7F35-4722-96F1-A8AA0DEB0657}.Release|Any CPU.ActiveCfg = Release|Any CPU
		{2CDD9BD8-7F35-4722-96F1-A8AA0DEB0657}.Release|Any CPU.Build.0 = Release|Any CPU
		{7A12A0F0-F45F-4F43-ACFD-5BAC69D649EE}.Debug|Any CPU.ActiveCfg = Debug|Any CPU
		{7A12A0F0-F45F-4F43-ACFD-5BAC69D649EE}.Debug|Any CPU.Build.0 = Debug|Any CPU
		{7A12A0F0-F45F-4F43-ACFD-5BAC69D649EE}.Release|Any CPU.ActiveCfg = Release|Any CPU
		{7A12A0F0-F45F-4F43-ACFD-5BAC69D649EE}.Release|Any CPU.Build.0 = Release|Any CPU
		{41C01137-AB40-4E22-BCEF-3A99DD6B9871}.Debug|Any CPU.ActiveCfg = Debug|Any CPU
		{41C01137-AB40-4E22-BCEF-3A99DD6B9871}.Debug|Any CPU.Build.0 = Debug|Any CPU
		{41C01137-AB40-4E22-BCEF-3A99DD6B9871}.Release|Any CPU.ActiveCfg = Release|Any CPU
		{41C01137-AB40-4E22-BCEF-3A99DD6B9871}.Release|Any CPU.Build.0 = Release|Any CPU
		{14A251E6-5C98-4B0C-AA0A-858C6EEAF82F}.Debug|Any CPU.ActiveCfg = Debug|Any CPU
		{14A251E6-5C98-4B0C-AA0A-858C6EEAF82F}.Debug|Any CPU.Build.0 = Debug|Any CPU
		{14A251E6-5C98-4B0C-AA0A-858C6EEAF82F}.Release|Any CPU.ActiveCfg = Release|Any CPU
		{14A251E6-5C98-4B0C-AA0A-858C6EEAF82F}.Release|Any CPU.Build.0 = Release|Any CPU
	EndGlobalSection
EndGlobal
